
Microsoft Visual Studio Solution File, Format Version 12.00
# Visual Studio Version 17
VisualStudioVersion = 17.8.34322.80
MinimumVisualStudioVersion = 10.0.40219.1
Project("{FAE04EC0-301F-11D3-BF4B-00C04F79EFBC}") = "wixi.financeApp.WebAPI", "wixi.financeApp.WebAPI\wixi.financeApp.WebAPI.csproj", "{8480E82A-233D-4305-8750-ABBF444DC1F8}"
EndProject
Global
	GlobalSection(SolutionConfigurationPlatforms) = preSolution
		Debug|Any CPU = Debug|Any CPU
		Release|Any CPU = Release|Any CPU
	EndGlobalSection
	GlobalSection(ProjectConfigurationPlatforms) = postSolution
		{8480E82A-233D-4305-8750-ABBF444DC1F8}.Debug|Any CPU.ActiveCfg = Debug|Any CPU
		{8480E82A-233D-4305-8750-ABBF444DC1F8}.Debug|Any CPU.Build.0 = Debug|Any CPU
		{8480E82A-233D-4305-8750-ABBF444DC1F8}.Release|Any CPU.ActiveCfg = Release|Any CPU
		{8480E82A-233D-4305-8750-ABBF444DC1F8}.Release|Any CPU.Build.0 = Release|Any CPU
	EndGlobalSection
	GlobalSection(SolutionProperties) = preSolution
		HideSolutionNode = FALSE
	EndGlobalSection
	GlobalSection(ExtensibilityGlobals) = postSolution
		SolutionGuid = {6F1D7F8B-5D7E-468D-83BC-DDCE2DE48A44}
	EndGlobalSection
EndGlobal
